
Microsoft Visual Studio Solution File, Format Version 12.00
# Visual Studio Version 17
VisualStudioVersion = 17.1.32319.34
MinimumVisualStudioVersion = 10.0.40219.1
Project("{FAE04EC0-301F-11D3-BF4B-00C04F79EFBC}") = "testWebAPI", "testWebAPI\testWebAPI.csproj", "{4126F86D-A0FB-477F-8A07-3B72444D394B}"
EndProject
Global
	GlobalSection(SolutionConfigurationPlatforms) = preSolution
		Debug|Any CPU = Debug|Any CPU
		Release|Any CPU = Release|Any CPU
	EndGlobalSection
	GlobalSection(ProjectConfigurationPlatforms) = postSolution
		{4126F86D-A0FB-477F-8A07-3B72444D394B}.Debug|Any CPU.ActiveCfg = Debug|Any CPU
		{4126F86D-A0FB-477F-8A07-3B72444D394B}.Debug|Any CPU.Build.0 = Debug|Any CPU
		{4126F86D-A0FB-477F-8A07-3B72444D394B}.Release|Any CPU.ActiveCfg = Release|Any CPU
		{4126F86D-A0FB-477F-8A07-3B72444D394B}.Release|Any CPU.Build.0 = Release|Any CPU
	EndGlobalSection
	GlobalSection(SolutionProperties) = preSolution
		HideSolutionNode = FALSE
	EndGlobalSection
	GlobalSection(ExtensibilityGlobals) = postSolution
		SolutionGuid = {A04B510E-6C69-4AEB-BAEA-2E8CD3CA1535}
	EndGlobalSection
EndGlobal
